
Microsoft Visual Studio Solution File, Format Version 12.00
# Visual Studio Version 17
VisualStudioVersion = 17.8.34330.188
MinimumVisualStudioVersion = 10.0.40219.1
Project("{9A19103F-16F7-4668-BE54-9A1E7A4F7556}") = "IPSLib", "IPSLib.csproj", "{63C3DED5-2687-48A9-A599-3B4FDC3A5DA4}"
EndProject
Project("{9A19103F-16F7-4668-BE54-9A1E7A4F7556}") = "ProjectFox.CoreEngine", "..\ProjectFox\ProjectFox.CoreEngine\ProjectFox.CoreEngine.csproj", "{E7E948C3-0087-478D-AFB4-050F5FA257D0}"
EndProject
Global
	GlobalSection(SolutionConfigurationPlatforms) = preSolution
		Debug|Any CPU = Debug|Any CPU
		Release|Any CPU = Release|Any CPU
	EndGlobalSection
	GlobalSection(ProjectConfigurationPlatforms) = postSolution
		{63C3DED5-2687-48A9-A599-3B4FDC3A5DA4}.Debug|Any CPU.ActiveCfg = Debug|Any CPU
		{63C3DED5-2687-48A9-A599-3B4FDC3A5DA4}.Debug|Any CPU.Build.0 = Debug|Any CPU
		{63C3DED5-2687-48A9-A599-3B4FDC3A5DA4}.Release|Any CPU.ActiveCfg = Release|Any CPU
		{63C3DED5-2687-48A9-A599-3B4FDC3A5DA4}.Release|Any CPU.Build.0 = Release|Any CPU
		{E7E948C3-0087-478D-AFB4-050F5FA257D0}.Debug|Any CPU.ActiveCfg = Debug|Any CPU
		{E7E948C3-0087-478D-AFB4-050F5FA257D0}.Debug|Any CPU.Build.0 = Debug|Any CPU
		{E7E948C3-0087-478D-AFB4-050F5FA257D0}.Release|Any CPU.ActiveCfg = Release|Any CPU
		{E7E948C3-0087-478D-AFB4-050F5FA257D0}.Release|Any CPU.Build.0 = Release|Any CPU
	EndGlobalSection
	GlobalSection(SolutionProperties) = preSolution
		HideSolutionNode = FALSE
	EndGlobalSection
	GlobalSection(ExtensibilityGlobals) = postSolution
		SolutionGuid = {DAAEA80F-08F5-4A00-A926-35F3767F2087}
	EndGlobalSection
EndGlobal
